
Microsoft Visual Studio Solution File, Format Version 12.00
Project("{FAE04EC0-301F-11D3-BF4B-00C04F79EFBC}") = "BookLibraryWeb", "BookLibraryWeb\BookLibraryWeb.csproj", "{15642BD1-999A-450F-AE3A-F300626ABF64}"
EndProject
Global
	GlobalSection(SolutionConfigurationPlatforms) = preSolution
		Debug|Any CPU = Debug|Any CPU
		Release|Any CPU = Release|Any CPU
	EndGlobalSection
	GlobalSection(ProjectConfigurationPlatforms) = postSolution
		{15642BD1-999A-450F-AE3A-F300626ABF64}.Debug|Any CPU.ActiveCfg = Debug|Any CPU
		{15642BD1-999A-450F-AE3A-F300626ABF64}.Debug|Any CPU.Build.0 = Debug|Any CPU
		{15642BD1-999A-450F-AE3A-F300626ABF64}.Release|Any CPU.ActiveCfg = Release|Any CPU
		{15642BD1-999A-450F-AE3A-F300626ABF64}.Release|Any CPU.Build.0 = Release|Any CPU
	EndGlobalSection
EndGlobal
